{
  "name": "leap-to",
  "version": "0.0.0",
  "lockfileVersion": 2,
  "requires": true,
  "packages": {
    "": {
      "name": "leap-to",
      "version": "0.0.0",
      "license": "MIT",
      "bin": {
        "leap": "index.js"
      },
      "devDependencies": {
        "purty": "^7.0.0"
      }
    },
    "node_modules/purty": {
      "version": "7.0.0",
      "resolved": "https://registry.npmjs.org/purty/-/purty-7.0.0.tgz",
      "integrity": "sha512-gHHghPEjRY39GUJ8KnOMRfPArJILGCXwEhX6BmEdNiLgZuCjLLBLyawGiKFjYMfy8H5Dsk5NbgwIGslrPrernA==",
      "dev": true,
      "os": [
        "linux",
        "darwin",
        "win32"
      ],
      "bin": {
        "purty": "bin/purty.js"
      }
    }
  },
  "dependencies": {
    "purty": {
      "version": "7.0.0",
      "resolved": "https://registry.npmjs.org/purty/-/purty-7.0.0.tgz",
      "integrity": "sha512-gHHghPEjRY39GUJ8KnOMRfPArJILGCXwEhX6BmEdNiLgZuCjLLBLyawGiKFjYMfy8H5Dsk5NbgwIGslrPrernA==",
      "dev": true
    }
  }
}
